{
  "version": "4",
  "specifiers": {
    "jsr:@mage/app@~0.2.3": "0.2.3",
    "jsr:@mage/preact@0.1": "0.1.0",
    "jsr:@preact-icons/common@^1.0.12": "1.0.12",
    "jsr:@preact-icons/fa@^1.0.12": "1.0.12",
    "jsr:@standard-schema/spec@1": "1.0.0",
    "jsr:@std/cache@~0.1.3": "0.1.3",
    "jsr:@std/cli@^1.0.12": "1.0.12",
    "jsr:@std/encoding@*": "1.0.7",
    "jsr:@std/encoding@^1.0.7": "1.0.7",
    "jsr:@std/fmt@^1.0.5": "1.0.5",
    "jsr:@std/fs@^1.0.11": "1.0.13",
    "jsr:@std/fs@^1.0.13": "1.0.13",
    "jsr:@std/html@^1.0.3": "1.0.3",
    "jsr:@std/http@^1.0.13": "1.0.13",
    "jsr:@std/media-types@^1.1.0": "1.1.0",
    "jsr:@std/net@^1.0.4": "1.0.4",
    "jsr:@std/path@*": "1.0.8",
    "jsr:@std/path@^1.0.8": "1.0.8",
    "jsr:@std/streams@^1.0.9": "1.0.9",
    "npm:@tailwindcss/cli@*": "4.0.3",
    "npm:@tailwindcss/cli@^4.0.3": "4.0.3",
    "npm:@tailwindcss/postcss@^4.0.6": "4.0.6",
    "npm:postcss@^8.5.2": "8.5.2",
    "npm:preact-render-to-string@^6.5.13": "6.5.13_preact@10.22.1",
    "npm:preact@10.22.1": "10.22.1",
    "npm:preact@^10.22.1": "10.25.4",
    "npm:preact@^10.25.4": "10.25.4",
    "npm:tailwindcss@^4.0.3": "4.0.3"
  },
  "jsr": {
    "@mage/app@0.2.3": {
      "integrity": "8271edb7934ef29f42d3161d863066109db21b413afb7ef9b940c69d04209da4",
      "dependencies": [
        "jsr:@standard-schema/spec",
        "jsr:@std/cache",
        "jsr:@std/fs@^1.0.11",
        "jsr:@std/http",
        "jsr:@std/path@^1.0.8"
      ]
    },
    "@mage/preact@0.1.0": {
      "integrity": "b21973e82a91e8080846aab7bde7c51b9c7b68122dec3b1179e708f30ff313df",
      "dependencies": [
        "jsr:@mage/app",
        "npm:preact-render-to-string",
        "npm:preact@^10.25.4"
      ]
    },
    "@preact-icons/common@1.0.12": {
      "integrity": "f7d7329d55c2753b0162438b120b638e5058fa406f49fe6b422e3b0694f6e0c1",
      "dependencies": [
        "npm:preact@10.22.1",
        "npm:preact@^10.22.1",
        "npm:preact@^10.25.4"
      ]
    },
    "@preact-icons/fa@1.0.12": {
      "integrity": "c294438032825a5be3009fde2633b57fea2db08ae69ea826cce72e81a43373f1",
      "dependencies": [
        "jsr:@preact-icons/common",
        "npm:preact@10.22.1"
      ]
    },
    "@standard-schema/spec@1.0.0": {
      "integrity": "4f20bbcf34e92b92f8c01589b958abc7c87385fa9a96170cecdc643d4d5737c0"
    },
    "@std/cache@0.1.3": {
      "integrity": "8d3ab61d994d0915295048999f34a8ce2280f0e4d1f4cccb08c9e3d297c0c6ec"
    },
    "@std/cli@1.0.12": {
      "integrity": "e5cfb7814d189da174ecd7a34fbbd63f3513e24a1b307feb2fcd5da47a070d90"
    },
    "@std/encoding@1.0.7": {
      "integrity": "f631247c1698fef289f2de9e2a33d571e46133b38d042905e3eac3715030a82d"
    },
    "@std/fmt@1.0.5": {
      "integrity": "0cfab43364bc36650d83c425cd6d99910fc20c4576631149f0f987eddede1a4d"
    },
    "@std/fs@1.0.13": {
      "integrity": "756d3ff0ade91c9e72b228e8012b6ff00c3d4a4ac9c642c4dac083536bf6c605",
      "dependencies": [
        "jsr:@std/path@^1.0.8"
      ]
    },
    "@std/html@1.0.3": {
      "integrity": "7a0ac35e050431fb49d44e61c8b8aac1ebd55937e0dc9ec6409aa4bab39a7988"
    },
    "@std/http@1.0.13": {
      "integrity": "d29618b982f7ae44380111f7e5b43da59b15db64101198bb5f77100d44eb1e1e",
      "dependencies": [
        "jsr:@std/cli",
        "jsr:@std/encoding@^1.0.7",
        "jsr:@std/fmt",
        "jsr:@std/html",
        "jsr:@std/media-types",
        "jsr:@std/net",
        "jsr:@std/path@^1.0.8",
        "jsr:@std/streams"
      ]
    },
    "@std/media-types@1.1.0": {
      "integrity": "c9d093f0c05c3512932b330e3cc1fe1d627b301db33a4c2c2185c02471d6eaa4"
    },
    "@std/net@1.0.4": {
      "integrity": "2f403b455ebbccf83d8a027d29c5a9e3a2452fea39bb2da7f2c04af09c8bc852"
    },
    "@std/path@1.0.8": {
      "integrity": "548fa456bb6a04d3c1a1e7477986b6cffbce95102d0bb447c67c4ee70e0364be"
    },
    "@std/streams@1.0.9": {
      "integrity": "a9d26b1988cdd7aa7b1f4b51e1c36c1557f3f252880fa6cc5b9f37078b1a5035"
    }
  },
  "npm": {
    "@alloc/quick-lru@5.2.0": {
      "integrity": "sha512-UrcABB+4bUrFABwbluTIBErXwvbsU/V7TZWfmbgJfbkwiBuziS9gxdODUyuiecfdGQ85jglMW6juS3+z5TsKLw=="
    },
    "@parcel/watcher-android-arm64@2.5.1": {
      "integrity": "sha512-KF8+j9nNbUN8vzOFDpRMsaKBHZ/mcjEjMToVMJOhTozkDonQFFrRcfdLWn6yWKCmJKmdVxSgHiYvTCef4/qcBA=="
    },
    "@parcel/watcher-darwin-arm64@2.5.1": {
      "integrity": "sha512-eAzPv5osDmZyBhou8PoF4i6RQXAfeKL9tjb3QzYuccXFMQU0ruIc/POh30ePnaOyD1UXdlKguHBmsTs53tVoPw=="
    },
    "@parcel/watcher-darwin-x64@2.5.1": {
      "integrity": "sha512-1ZXDthrnNmwv10A0/3AJNZ9JGlzrF82i3gNQcWOzd7nJ8aj+ILyW1MTxVk35Db0u91oD5Nlk9MBiujMlwmeXZg=="
    },
    "@parcel/watcher-freebsd-x64@2.5.1": {
      "integrity": "sha512-SI4eljM7Flp9yPuKi8W0ird8TI/JK6CSxju3NojVI6BjHsTyK7zxA9urjVjEKJ5MBYC+bLmMcbAWlZ+rFkLpJQ=="
    },
    "@parcel/watcher-linux-arm-glibc@2.5.1": {
      "integrity": "sha512-RCdZlEyTs8geyBkkcnPWvtXLY44BCeZKmGYRtSgtwwnHR4dxfHRG3gR99XdMEdQ7KeiDdasJwwvNSF5jKtDwdA=="
    },
    "@parcel/watcher-linux-arm-musl@2.5.1": {
      "integrity": "sha512-6E+m/Mm1t1yhB8X412stiKFG3XykmgdIOqhjWj+VL8oHkKABfu/gjFj8DvLrYVHSBNC+/u5PeNrujiSQ1zwd1Q=="
    },
    "@parcel/watcher-linux-arm64-glibc@2.5.1": {
      "integrity": "sha512-LrGp+f02yU3BN9A+DGuY3v3bmnFUggAITBGriZHUREfNEzZh/GO06FF5u2kx8x+GBEUYfyTGamol4j3m9ANe8w=="
    },
    "@parcel/watcher-linux-arm64-musl@2.5.1": {
      "integrity": "sha512-cFOjABi92pMYRXS7AcQv9/M1YuKRw8SZniCDw0ssQb/noPkRzA+HBDkwmyOJYp5wXcsTrhxO0zq1U11cK9jsFg=="
    },
    "@parcel/watcher-linux-x64-glibc@2.5.1": {
      "integrity": "sha512-GcESn8NZySmfwlTsIur+49yDqSny2IhPeZfXunQi48DMugKeZ7uy1FX83pO0X22sHntJ4Ub+9k34XQCX+oHt2A=="
    },
    "@parcel/watcher-linux-x64-musl@2.5.1": {
      "integrity": "sha512-n0E2EQbatQ3bXhcH2D1XIAANAcTZkQICBPVaxMeaCVBtOpBZpWJuf7LwyWPSBDITb7In8mqQgJ7gH8CILCURXg=="
    },
    "@parcel/watcher-win32-arm64@2.5.1": {
      "integrity": "sha512-RFzklRvmc3PkjKjry3hLF9wD7ppR4AKcWNzH7kXR7GUe0Igb3Nz8fyPwtZCSquGrhU5HhUNDr/mKBqj7tqA2Vw=="
    },
    "@parcel/watcher-win32-ia32@2.5.1": {
      "integrity": "sha512-c2KkcVN+NJmuA7CGlaGD1qJh1cLfDnQsHjE89E60vUEMlqduHGCdCLJCID5geFVM0dOtA3ZiIO8BoEQmzQVfpQ=="
    },
    "@parcel/watcher-win32-x64@2.5.1": {
      "integrity": "sha512-9lHBdJITeNR++EvSQVUcaZoWupyHfXe1jZvGZ06O/5MflPcuPLtEphScIBL+AiCWBO46tDSHzWyD0uDmmZqsgA=="
    },
    "@parcel/watcher@2.5.1": {
      "integrity": "sha512-dfUnCxiN9H4ap84DvD2ubjw+3vUNpstxa0TneY/Paat8a3R4uQZDLSvWjmznAY/DoahqTHl9V46HF/Zs3F29pg==",
      "dependencies": [
        "@parcel/watcher-android-arm64",
        "@parcel/watcher-darwin-arm64",
        "@parcel/watcher-darwin-x64",
        "@parcel/watcher-freebsd-x64",
        "@parcel/watcher-linux-arm-glibc",
        "@parcel/watcher-linux-arm-musl",
        "@parcel/watcher-linux-arm64-glibc",
        "@parcel/watcher-linux-arm64-musl",
        "@parcel/watcher-linux-x64-glibc",
        "@parcel/watcher-linux-x64-musl",
        "@parcel/watcher-win32-arm64",
        "@parcel/watcher-win32-ia32",
        "@parcel/watcher-win32-x64",
        "detect-libc",
        "is-glob",
        "micromatch",
        "node-addon-api"
      ]
    },
    "@tailwindcss/cli@4.0.3": {
      "integrity": "sha512-EPmuqS5e1yax6Qe1vRoWFbCCttMS/Thc+yFGSE/nzYe/BdYDlUc+OoE7D5DawAz4sI5H8v8Zx/mYyEdy+saB0w==",
      "dependencies": [
        "@parcel/watcher",
        "@tailwindcss/node@4.0.3",
        "@tailwindcss/oxide@4.0.3",
        "enhanced-resolve",
        "lightningcss",
        "mri",
        "picocolors",
        "tailwindcss@4.0.3"
      ]
    },
    "@tailwindcss/node@4.0.3": {
      "integrity": "sha512-QsVJokOl0pJ4AbJV33D2npvLcHGPWi5MOSZtrtE0GT3tSx+3D0JE2lokLA8yHS1x3oCY/3IyRyy7XX6tmzid7A==",
      "dependencies": [
        "enhanced-resolve",
        "jiti",
        "tailwindcss@4.0.3"
      ]
    },
    "@tailwindcss/node@4.0.6": {
      "integrity": "sha512-jb6E0WeSq7OQbVYcIJ6LxnZTeC4HjMvbzFBMCrQff4R50HBlo/obmYNk6V2GCUXDeqiXtvtrQgcIbT+/boB03Q==",
      "dependencies": [
        "enhanced-resolve",
        "jiti",
        "tailwindcss@4.0.6"
      ]
    },
    "@tailwindcss/oxide-android-arm64@4.0.3": {
      "integrity": "sha512-S8XOTQuMnpijZRlPm5HBzPJjZ28quB+40LSRHjRnQF6rRYKsvpr1qkY7dfwsetNdd+kMLOMDsvmuT8WnqqETvg=="
    },
    "@tailwindcss/oxide-android-arm64@4.0.6": {
      "integrity": "sha512-xDbym6bDPW3D2XqQqX3PjqW3CKGe1KXH7Fdkc60sX5ZLVUbzPkFeunQaoP+BuYlLc2cC1FoClrIRYnRzof9Sow=="
    },
    "@tailwindcss/oxide-darwin-arm64@4.0.3": {
      "integrity": "sha512-smrY2DpzhXvgDhZtQlYAl8+vxJ04lv2/64C1eiRxvsRT2nkw/q+zA1/eAYKvUHat6cIuwqDku3QucmrUT6pCeg=="
    },
    "@tailwindcss/oxide-darwin-arm64@4.0.6": {
      "integrity": "sha512-1f71/ju/tvyGl5c2bDkchZHy8p8EK/tDHCxlpYJ1hGNvsYihZNurxVpZ0DefpN7cNc9RTT8DjrRoV8xXZKKRjg=="
    },
    "@tailwindcss/oxide-darwin-x64@4.0.3": {
      "integrity": "sha512-NTz8x/LcGUjpZAWUxz0ZuzHao90Wj9spoQgomwB+/hgceh5gcJDfvaBYqxLFpKzVglpnbDSq1Fg0p0zI4oa5Pg=="
    },
    "@tailwindcss/oxide-darwin-x64@4.0.6": {
      "integrity": "sha512-s/hg/ZPgxFIrGMb0kqyeaqZt505P891buUkSezmrDY6lxv2ixIELAlOcUVTkVh245SeaeEiUVUPiUN37cwoL2g=="
    },
    "@tailwindcss/oxide-freebsd-x64@4.0.3": {
      "integrity": "sha512-yQc9Q0JCOp3kkAV8gKgDctXO60IkQhHpqGB+KgOccDtD5UmN6Q5+gd+lcsDyQ7N8dRuK1fAud51xQpZJgKfm7g=="
    },
    "@tailwindcss/oxide-freebsd-x64@4.0.6": {
      "integrity": "sha512-Z3Wo8FWZnmio8+xlcbb7JUo/hqRMSmhQw8IGIRoRJ7GmLR0C+25Wq+bEX/135xe/yEle2lFkhu9JBHd4wZYiig=="
    },
    "@tailwindcss/oxide-linux-arm-gnueabihf@4.0.3": {
      "integrity": "sha512-e1ivVMLSnxTOU1O3npnxN16FEyWM/g3SuH2pP6udxXwa0/SnSAijRwcAYRpqIlhVKujr158S8UeHxQjC4fGl4w=="
    },
    "@tailwindcss/oxide-linux-arm-gnueabihf@4.0.6": {
      "integrity": "sha512-SNSwkkim1myAgmnbHs4EjXsPL7rQbVGtjcok5EaIzkHkCAVK9QBQsWeP2Jm2/JJhq4wdx8tZB9Y7psMzHYWCkA=="
    },
    "@tailwindcss/oxide-linux-arm64-gnu@4.0.3": {
      "integrity": "sha512-PLrToqQqX6sdJ9DmMi8IxZWWrfjc9pdi9AEEPTrtMts3Jm9HBi1WqEeF1VwZZ2aW9TXloE5OwA35zuuq1Bhb/Q=="
    },
    "@tailwindcss/oxide-linux-arm64-gnu@4.0.6": {
      "integrity": "sha512-tJ+mevtSDMQhKlwCCuhsFEFg058kBiSy4TkoeBG921EfrHKmexOaCyFKYhVXy4JtkaeeOcjJnCLasEeqml4i+Q=="
    },
    "@tailwindcss/oxide-linux-arm64-musl@4.0.3": {
      "integrity": "sha512-YlzRxx7N1ampfgSKzEDw0iwDkJXUInR4cgNEqmR4TzHkU2Vhg59CGPJrTI7dxOBofD8+O35R13Nk9Ytyv0JUFg=="
    },
    "@tailwindcss/oxide-linux-arm64-musl@4.0.6": {
      "integrity": "sha512-IoArz1vfuTR4rALXMUXI/GWWfx2EaO4gFNtBNkDNOYhlTD4NVEwE45nbBoojYiTulajI4c2XH8UmVEVJTOJKxA=="
    },
    "@tailwindcss/oxide-linux-x64-gnu@4.0.3": {
      "integrity": "sha512-Xfc3z/li6XkuD7Hs+Uk6pjyCXnfnd9zuQTKOyDTZJ544xc2yoMKUkuDw6Et9wb31MzU2/c0CIUpTDa71lL9KHw=="
    },
    "@tailwindcss/oxide-linux-x64-gnu@4.0.6": {
      "integrity": "sha512-QtsUfLkEAeWAC3Owx9Kg+7JdzE+k9drPhwTAXbXugYB9RZUnEWWx5x3q/au6TvUYcL+n0RBqDEO2gucZRvRFgQ=="
    },
    "@tailwindcss/oxide-linux-x64-musl@4.0.3": {
      "integrity": "sha512-ugKVqKzwa/cjmqSQG17aS9DYrEcQ/a5NITcgmOr3JLW4Iz64C37eoDlkC8tIepD3S/Td/ywKAolTQ8fKbjEL4g=="
    },
    "@tailwindcss/oxide-linux-x64-musl@4.0.6": {
      "integrity": "sha512-QthvJqIji2KlGNwLcK/PPYo7w1Wsi/8NK0wAtRGbv4eOPdZHkQ9KUk+oCoP20oPO7i2a6X1aBAFQEL7i08nNMA=="
    },
    "@tailwindcss/oxide-win32-arm64-msvc@4.0.3": {
      "integrity": "sha512-qHPDMl+UUwsk1RMJMgAXvhraWqUUT+LR/tkXix5RA39UGxtTrHwsLIN1AhNxI5i2RFXAXfmFXDqZCdyQ4dWmAQ=="
    },
    "@tailwindcss/oxide-win32-arm64-msvc@4.0.6": {
      "integrity": "sha512-+oka+dYX8jy9iP00DJ9Y100XsqvbqR5s0yfMZJuPR1H/lDVtDfsZiSix1UFBQ3X1HWxoEEl6iXNJHWd56TocVw=="
    },
    "@tailwindcss/oxide-win32-x64-msvc@4.0.3": {
      "integrity": "sha512-+ujwN4phBGyOsPyLgGgeCyUm4Mul+gqWVCIGuSXWgrx9xVUnf6LVXrw0BDBc9Aq1S2qMyOTX4OkCGbZeoIo8Qw=="
    },
    "@tailwindcss/oxide-win32-x64-msvc@4.0.6": {
      "integrity": "sha512-+o+juAkik4p8Ue/0LiflQXPmVatl6Av3LEZXpBTfg4qkMIbZdhCGWFzHdt2NjoMiLOJCFDddoV6GYaimvK1Olw=="
    },
    "@tailwindcss/oxide@4.0.3": {
      "integrity": "sha512-FFcp3VNvRjjmFA39ORM27g2mbflMQljhvM7gxBAujHxUy4LXlKa6yMF9wbHdTbPqTONiCyyOYxccvJyVyI/XBg==",
      "dependencies": [
        "@tailwindcss/oxide-android-arm64@4.0.3",
        "@tailwindcss/oxide-darwin-arm64@4.0.3",
        "@tailwindcss/oxide-darwin-x64@4.0.3",
        "@tailwindcss/oxide-freebsd-x64@4.0.3",
        "@tailwindcss/oxide-linux-arm-gnueabihf@4.0.3",
        "@tailwindcss/oxide-linux-arm64-gnu@4.0.3",
        "@tailwindcss/oxide-linux-arm64-musl@4.0.3",
        "@tailwindcss/oxide-linux-x64-gnu@4.0.3",
        "@tailwindcss/oxide-linux-x64-musl@4.0.3",
        "@tailwindcss/oxide-win32-arm64-msvc@4.0.3",
        "@tailwindcss/oxide-win32-x64-msvc@4.0.3"
      ]
    },
    "@tailwindcss/oxide@4.0.6": {
      "integrity": "sha512-lVyKV2y58UE9CeKVcYykULe9QaE1dtKdxDEdrTPIdbzRgBk6bdxHNAoDqvcqXbIGXubn3VOl1O/CFF77v/EqSA==",
      "dependencies": [
        "@tailwindcss/oxide-android-arm64@4.0.6",
        "@tailwindcss/oxide-darwin-arm64@4.0.6",
        "@tailwindcss/oxide-darwin-x64@4.0.6",
        "@tailwindcss/oxide-freebsd-x64@4.0.6",
        "@tailwindcss/oxide-linux-arm-gnueabihf@4.0.6",
        "@tailwindcss/oxide-linux-arm64-gnu@4.0.6",
        "@tailwindcss/oxide-linux-arm64-musl@4.0.6",
        "@tailwindcss/oxide-linux-x64-gnu@4.0.6",
        "@tailwindcss/oxide-linux-x64-musl@4.0.6",
        "@tailwindcss/oxide-win32-arm64-msvc@4.0.6",
        "@tailwindcss/oxide-win32-x64-msvc@4.0.6"
      ]
    },
    "@tailwindcss/postcss@4.0.6": {
      "integrity": "sha512-noTaGPHjGCXTCc487TWnfAEN0VMjqDAecssWDOsfxV2hFrcZR0AHthX7IdY/0xHTg/EtpmIPdssddlZ5/B7JnQ==",
      "dependencies": [
        "@alloc/quick-lru",
        "@tailwindcss/node@4.0.6",
        "@tailwindcss/oxide@4.0.6",
        "lightningcss",
        "postcss",
        "tailwindcss@4.0.6"
      ]
    },
    "braces@3.0.3": {
      "integrity": "sha512-yQbXgO/OSZVD2IsiLlro+7Hf6Q18EJrKSEsdoMzKePKXct3gvD8oLcOQdIzGupr5Fj+EDe8gO/lxc1BzfMpxvA==",
      "dependencies": [
        "fill-range"
      ]
    },
    "detect-libc@1.0.3": {
      "integrity": "sha512-pGjwhsmsp4kL2RTz08wcOlGN83otlqHeD/Z5T8GXZB+/YcpQ/dgo+lbU8ZsGxV0HIvqqxo9l7mqYwyYMD9bKDg=="
    },
    "enhanced-resolve@5.18.1": {
      "integrity": "sha512-ZSW3ma5GkcQBIpwZTSRAI8N71Uuwgs93IezB7mf7R60tC8ZbJideoDNKjHn2O9KIlx6rkGTTEk1xUCK2E1Y2Yg==",
      "dependencies": [
        "graceful-fs",
        "tapable"
      ]
    },
    "fill-range@7.1.1": {
      "integrity": "sha512-YsGpe3WHLK8ZYi4tWDg2Jy3ebRz2rXowDxnld4bkQB00cc/1Zw9AWnC0i9ztDJitivtQvaI9KaLyKrc+hBW0yg==",
      "dependencies": [
        "to-regex-range"
      ]
    },
    "graceful-fs@4.2.11": {
      "integrity": "sha512-RbJ5/jmFcNNCcDV5o9eTnBLJ/HszWV0P73bc+Ff4nS/rJj+YaS6IGyiOL0VoBYX+l1Wrl3k63h/KrH+nhJ0XvQ=="
    },
    "is-extglob@2.1.1": {
      "integrity": "sha512-SbKbANkN603Vi4jEZv49LeVJMn4yGwsbzZworEoyEiutsN3nJYdbO36zfhGJ6QEDpOZIFkDtnq5JRxmvl3jsoQ=="
    },
    "is-glob@4.0.3": {
      "integrity": "sha512-xelSayHH36ZgE7ZWhli7pW34hNbNl8Ojv5KVmkJD4hBdD3th8Tfk9vYasLM+mXWOZhFkgZfxhLSnrwRr4elSSg==",
      "dependencies": [
        "is-extglob"
      ]
    },
    "is-number@7.0.0": {
      "integrity": "sha512-41Cifkg6e8TylSpdtTpeLVMqvSBEVzTttHvERD741+pnZ8ANv0004MRL43QKPDlK9cGvNp6NZWZUBlbGXYxxng=="
    },
    "jiti@2.4.2": {
      "integrity": "sha512-rg9zJN+G4n2nfJl5MW3BMygZX56zKPNVEYYqq7adpmMh4Jn2QNEwhvQlFy6jPVdcod7txZtKHWnyZiA3a0zP7A=="
    },
    "lightningcss-darwin-arm64@1.29.1": {
      "integrity": "sha512-HtR5XJ5A0lvCqYAoSv2QdZZyoHNttBpa5EP9aNuzBQeKGfbyH5+UipLWvVzpP4Uml5ej4BYs5I9Lco9u1fECqw=="
    },
    "lightningcss-darwin-x64@1.29.1": {
      "integrity": "sha512-k33G9IzKUpHy/J/3+9MCO4e+PzaFblsgBjSGlpAaFikeBFm8B/CkO3cKU9oI4g+fjS2KlkLM/Bza9K/aw8wsNA=="
    },
    "lightningcss-freebsd-x64@1.29.1": {
      "integrity": "sha512-0SUW22fv/8kln2LnIdOCmSuXnxgxVC276W5KLTwoehiO0hxkacBxjHOL5EtHD8BAXg2BvuhsJPmVMasvby3LiQ=="
    },
    "lightningcss-linux-arm-gnueabihf@1.29.1": {
      "integrity": "sha512-sD32pFvlR0kDlqsOZmYqH/68SqUMPNj+0pucGxToXZi4XZgZmqeX/NkxNKCPsswAXU3UeYgDSpGhu05eAufjDg=="
    },
    "lightningcss-linux-arm64-gnu@1.29.1": {
      "integrity": "sha512-0+vClRIZ6mmJl/dxGuRsE197o1HDEeeRk6nzycSy2GofC2JsY4ifCRnvUWf/CUBQmlrvMzt6SMQNMSEu22csWQ=="
    },
    "lightningcss-linux-arm64-musl@1.29.1": {
      "integrity": "sha512-UKMFrG4rL/uHNgelBsDwJcBqVpzNJbzsKkbI3Ja5fg00sgQnHw/VrzUTEc4jhZ+AN2BvQYz/tkHu4vt1kLuJyw=="
    },
    "lightningcss-linux-x64-gnu@1.29.1": {
      "integrity": "sha512-u1S+xdODy/eEtjADqirA774y3jLcm8RPtYztwReEXoZKdzgsHYPl0s5V52Tst+GKzqjebkULT86XMSxejzfISw=="
    },
    "lightningcss-linux-x64-musl@1.29.1": {
      "integrity": "sha512-L0Tx0DtaNUTzXv0lbGCLB/c/qEADanHbu4QdcNOXLIe1i8i22rZRpbT3gpWYsCh9aSL9zFujY/WmEXIatWvXbw=="
    },
    "lightningcss-win32-arm64-msvc@1.29.1": {
      "integrity": "sha512-QoOVnkIEFfbW4xPi+dpdft/zAKmgLgsRHfJalEPYuJDOWf7cLQzYg0DEh8/sn737FaeMJxHZRc1oBreiwZCjog=="
    },
    "lightningcss-win32-x64-msvc@1.29.1": {
      "integrity": "sha512-NygcbThNBe4JElP+olyTI/doBNGJvLs3bFCRPdvuCcxZCcCZ71B858IHpdm7L1btZex0FvCmM17FK98Y9MRy1Q=="
    },
    "lightningcss@1.29.1": {
      "integrity": "sha512-FmGoeD4S05ewj+AkhTY+D+myDvXI6eL27FjHIjoyUkO/uw7WZD1fBVs0QxeYWa7E17CUHJaYX/RUGISCtcrG4Q==",
      "dependencies": [
        "detect-libc",
        "lightningcss-darwin-arm64",
        "lightningcss-darwin-x64",
        "lightningcss-freebsd-x64",
        "lightningcss-linux-arm-gnueabihf",
        "lightningcss-linux-arm64-gnu",
        "lightningcss-linux-arm64-musl",
        "lightningcss-linux-x64-gnu",
        "lightningcss-linux-x64-musl",
        "lightningcss-win32-arm64-msvc",
        "lightningcss-win32-x64-msvc"
      ]
    },
    "micromatch@4.0.8": {
      "integrity": "sha512-PXwfBhYu0hBCPw8Dn0E+WDYb7af3dSLVWKi3HGv84IdF4TyFoC0ysxFd0Goxw7nSv4T/PzEJQxsYsEiFCKo2BA==",
      "dependencies": [
        "braces",
        "picomatch"
      ]
    },
    "mri@1.2.0": {
      "integrity": "sha512-tzzskb3bG8LvYGFF/mDTpq3jpI6Q9wc3LEmBaghu+DdCssd1FakN7Bc0hVNmEyGq1bq3RgfkCb3cmQLpNPOroA=="
    },
    "nanoid@3.3.8": {
      "integrity": "sha512-WNLf5Sd8oZxOm+TzppcYk8gVOgP+l58xNy58D0nbUnOxOWRWvlcCV4kUF7ltmI6PsrLl/BgKEyS4mqsGChFN0w=="
    },
    "node-addon-api@7.1.1": {
      "integrity": "sha512-5m3bsyrjFWE1xf7nz7YXdN4udnVtXK6/Yfgn5qnahL6bCkf2yKt4k3nuTKAtT4r3IG8JNR2ncsIMdZuAzJjHQQ=="
    },
    "picocolors@1.1.1": {
      "integrity": "sha512-xceH2snhtb5M9liqDsmEw56le376mTZkEX/jEb/RxNFyegNul7eNslCXP9FDj/Lcu0X8KEyMceP2ntpaHrDEVA=="
    },
    "picomatch@2.3.1": {
      "integrity": "sha512-JU3teHTNjmE2VCGFzuY8EXzCDVwEqB2a8fsIvwaStHhAWJEeVd1o1QD80CU6+ZdEXXSLbSsuLwJjkCBWqRQUVA=="
    },
    "postcss@8.5.2": {
      "integrity": "sha512-MjOadfU3Ys9KYoX0AdkBlFEF1Vx37uCCeN4ZHnmwm9FfpbsGWMZeBLMmmpY+6Ocqod7mkdZ0DT31OlbsFrLlkA==",
      "dependencies": [
        "nanoid",
        "picocolors",
        "source-map-js"
      ]
    },
    "preact-render-to-string@6.5.13_preact@10.22.1": {
      "integrity": "sha512-iGPd+hKPMFKsfpR2vL4kJ6ZPcFIoWZEcBf0Dpm3zOpdVvj77aY8RlLiQji5OMrngEyaxGogeakTb54uS2FvA6w==",
      "dependencies": [
        "preact@10.22.1"
      ]
    },
    "preact@10.22.1": {
      "integrity": "sha512-jRYbDDgMpIb5LHq3hkI0bbl+l/TQ9UnkdQ0ww+lp+4MMOdqaUYdFc5qeyP+IV8FAd/2Em7drVPeKdQxsiWCf/A=="
    },
    "preact@10.25.4": {
      "integrity": "sha512-jLdZDb+Q+odkHJ+MpW/9U5cODzqnB+fy2EiHSZES7ldV5LK7yjlVzTp7R8Xy6W6y75kfK8iWYtFVH7lvjwrCMA=="
    },
    "source-map-js@1.2.1": {
      "integrity": "sha512-UXWMKhLOwVKb728IUtQPXxfYU+usdybtUrK/8uGE8CQMvrhOpwvzDBwj0QhSL7MQc7vIsISBG8VQ8+IDQxpfQA=="
    },
    "tailwindcss@4.0.3": {
      "integrity": "sha512-ImmZF0Lon5RrQpsEAKGxRvHwCvMgSC4XVlFRqmbzTEDb/3wvin9zfEZrMwgsa3yqBbPqahYcVI6lulM2S7IZAA=="
    },
    "tailwindcss@4.0.6": {
      "integrity": "sha512-mysewHYJKaXgNOW6pp5xon/emCsfAMnO8WMaGKZZ35fomnR/T5gYnRg2/yRTTrtXiEl1tiVkeRt0eMO6HxEZqw=="
    },
    "tapable@2.2.1": {
      "integrity": "sha512-GNzQvQTOIP6RyTfE2Qxb8ZVlNmw0n88vp1szwWRimP02mnTsx3Wtn5qRdqY9w2XduFNUgvOwhNnQsjwCp+kqaQ=="
    },
    "to-regex-range@5.0.1": {
      "integrity": "sha512-65P7iz6X5yEr1cwcgvQxbbIw7Uk3gOy5dIdtZ4rDveLqhrdJP+Li/Hx6tyK0NEb+2GCyneCMJiGqrADCSNk8sQ==",
      "dependencies": [
        "is-number"
      ]
    }
  },
  "redirects": {
    "https://deno.land/x/postcss/mod.js": "https://deno.land/x/postcss@8.4.16/mod.js"
  },
  "remote": {
    "https://deno.land/std@0.109.0/_util/assert.ts": "2f868145a042a11d5ad0a3c748dcf580add8a0dbc0e876eaa0026303a5488f58",
    "https://deno.land/std@0.109.0/_util/os.ts": "dfb186cc4e968c770ab6cc3288bd65f4871be03b93beecae57d657232ecffcac",
    "https://deno.land/std@0.109.0/async/deadline.ts": "1d6ac7aeaee22f75eb86e4e105d6161118aad7b41ae2dd14f4cfd3bf97472b93",
    "https://deno.land/std@0.109.0/async/debounce.ts": "b2f693e4baa16b62793fd618de6c003b63228db50ecfe3bd51fc5f6dc0bc264b",
    "https://deno.land/std@0.109.0/async/deferred.ts": "ab60d46ba561abb3b13c0c8085d05797a384b9f182935f051dc67136817acdee",
    "https://deno.land/std@0.109.0/async/delay.ts": "db68b7c22518ea9805be110cdc914017d741894d2bececf4d78607fd2f0548e7",
    "https://deno.land/std@0.109.0/async/mod.ts": "78425176fabea7bd1046ce3819fd69ce40da85c83e0f174d17e8e224a91f7d10",
    "https://deno.land/std@0.109.0/async/mux_async_iterator.ts": "62abff3af9ff619e8f2adc96fc70d4ca020fa48a50c23c13f12d02ed2b760dbe",
    "https://deno.land/std@0.109.0/async/pool.ts": "353ce4f91865da203a097aa6f33de8966340c91b6f4a055611c8c5d534afd12f",
    "https://deno.land/std@0.109.0/async/tee.ts": "63811ea47268825db2b15e973dc5c37bab37b749ffa00d2b7bbb6c6f568412cb",
    "https://deno.land/std@0.109.0/bytes/mod.ts": "440684e07e8f57a19a43b34d57eb63af0b36fc92b6657b6dcdbf9d5612d62e29",
    "https://deno.land/std@0.109.0/encoding/base64.ts": "eecae390f1f1d1cae6f6c6d732ede5276bf4b9cd29b1d281678c054dc5cc009e",
    "https://deno.land/std@0.109.0/encoding/hex.ts": "5bc7df19af498c315cdaba69e2fce1b2aef5fc57344e8c21c08991aa8505a260",
    "https://deno.land/std@0.109.0/fmt/colors.ts": "8368ddf2d48dfe413ffd04cdbb7ae6a1009cf0dccc9c7ff1d76259d9c61a0621",
    "https://deno.land/std@0.109.0/fs/exists.ts": "b0d2e31654819cc2a8d37df45d6b14686c0cc1d802e9ff09e902a63e98b85a00",
    "https://deno.land/std@0.109.0/io/buffer.ts": "3ead6bb11276ebcf093c403f74f67fd2205a515dbbb9061862c468ca56f37cd8",
    "https://deno.land/std@0.109.0/io/util.ts": "85c33d61b20fd706acc094fe80d4c8ae618b04abcf3a96ca2b47071842c1c8ac",
    "https://deno.land/std@0.109.0/node/_errors.ts": "74d1e7c7aad0f4a04df20be1f25f8a0a1d39483a75daabefa2cb285b0090e6e5",
    "https://deno.land/std@0.109.0/node/_fs/_fs_access.ts": "7cbbfd1309e47983065dc7f186fd128eea0854c6693d58b39be2fd0f4de8d0c0",
    "https://deno.land/std@0.109.0/node/_fs/_fs_appendFile.ts": "bd802989a76d2e87a92034cbbbf6ad3154bf925b68e1a0a43772b3f4fc2a3728",
    "https://deno.land/std@0.109.0/node/_fs/_fs_chmod.ts": "101ea1cfc63b518f7434357e6e559c163b86c836826e87273ad4fbdd17153c6d",
    "https://deno.land/std@0.109.0/node/_fs/_fs_chown.ts": "d314d0b3c33422c980e8b8d2abe95433d5d3ec6e0699b53de6e03c13bb37769e",
    "https://deno.land/std@0.109.0/node/_fs/_fs_close.ts": "6a175fef187fa06ad7fd3c82a7a44410f947f5d20ec6673f871d4d327d98753e",
    "https://deno.land/std@0.109.0/node/_fs/_fs_common.ts": "45f0b63e864d24c6c6c492a931e6b794f61ed125157e8f74282350557ec7e971",
    "https://deno.land/std@0.109.0/node/_fs/_fs_constants.ts": "20e2d62e5c5bc1f94b68c14d686c0f61a683d405f31523456b863bb525c9cdee",
    "https://deno.land/std@0.109.0/node/_fs/_fs_copy.ts": "ce349beecec9f833e8cbe02eaa6c79119cbdbe788093c2b9543ce4d865f2b941",
    "https://deno.land/std@0.109.0/node/_fs/_fs_dir.ts": "b122324330d4d754a595618986039a2841f9551c16a20be21e93f371cc8e65ce",
    "https://deno.land/std@0.109.0/node/_fs/_fs_dirent.ts": "c9f585db140749426bcbcd735801198e7c517d654cd72795a20dfa349e4bac05",
    "https://deno.land/std@0.109.0/node/_fs/_fs_exists.ts": "ec185609b68149e259d4fb1d7872e70bb2f9aff135236a3c2e14109e579393cc",
    "https://deno.land/std@0.109.0/node/_fs/_fs_fdatasync.ts": "a62e70004a0f9c2f49e369b44a9ff788bb13d7b8160c61cec942e5dc42da4181",
    "https://deno.land/std@0.109.0/node/_fs/_fs_fstat.ts": "6e2280db419a521dd3ea4525982c02f84677493561d1bcbaa271abadc8e7f844",
    "https://deno.land/std@0.109.0/node/_fs/_fs_fsync.ts": "c68c74966342d5a98437036a634359ac6feab85f114310892f14553c02fad5d4",
    "https://deno.land/std@0.109.0/node/_fs/_fs_ftruncate.ts": "2964fe380c60db9e802a9ae65c72cbfee8d710abd0e078afbcfc2e0cc442599c",
    "https://deno.land/std@0.109.0/node/_fs/_fs_futimes.ts": "88c1e0d7b4012bcee23f586b2b7282ac21725824f3961ffa235d96501afcb65f",
    "https://deno.land/std@0.109.0/node/_fs/_fs_link.ts": "93c8997574a6f42aa2699012236b53f7ee2105400c207e0b8156dce04772ab81",
    "https://deno.land/std@0.109.0/node/_fs/_fs_lstat.ts": "3d81117febd0abcab4e92ecbe70885179f62d10d09608d8ac6acfb7c2db34290",
    "https://deno.land/std@0.109.0/node/_fs/_fs_mkdir.ts": "a98590e4a07416e4d7af1342d062b9c8e01997e6f047ed95411ef1215aa154b3",
    "https://deno.land/std@0.109.0/node/_fs/_fs_mkdtemp.ts": "683c0e0fbe2583c318b2d67cd986cf55f8f7410199537edb76f3af0ec8b54a80",
    "https://deno.land/std@0.109.0/node/_fs/_fs_open.ts": "6a08a3e5edf17f49589fa34223d2ea62193ea1e17392f4e84bfa49fc9d0ca532",
    "https://deno.land/std@0.109.0/node/_fs/_fs_readFile.ts": "aa972cc3a6a13ddad8e7319c3908d089be56136ef11e2a8b8bfb48cfc368fde3",
    "https://deno.land/std@0.109.0/node/_fs/_fs_readdir.ts": "d3b0c2b3d3b243e63f0c8df5294252edbb6a732c07f540044af3e89d6d75245f",
    "https://deno.land/std@0.109.0/node/_fs/_fs_readlink.ts": "919df3481f3e339cfb153e899941fe93d4284287794fed3d92f071a055d473e9",
    "https://deno.land/std@0.109.0/node/_fs/_fs_realpath.ts": "9dad0fe43e8c4cda6953bc297cd605c9647162e4a9d29cf91e435d96a741d8e1",
    "https://deno.land/std@0.109.0/node/_fs/_fs_rename.ts": "98852b8f576e2bbdaede8b85abf8c459c3d0b50d8f6c8aff030a72f20ed26710",
    "https://deno.land/std@0.109.0/node/_fs/_fs_rmdir.ts": "89458f749b97bf2e23e485cba09fbb18f57041141e1cbbcfa9e44bde75953e51",
    "https://deno.land/std@0.109.0/node/_fs/_fs_stat.ts": "71c770228b0f6eb0bfa8b5db88e0313940f57fa3e5dccfbf46d8bd838d1a9497",
    "https://deno.land/std@0.109.0/node/_fs/_fs_symlink.ts": "174e41dbb2dbd0af79ba6460f3ab849c48099b8e824beed7c7f7c5d6d616b36d",
    "https://deno.land/std@0.109.0/node/_fs/_fs_truncate.ts": "fd016bc0b5ac236c4e88b326d0a9de0df6d56a512f20e927384fb4bd088d4e01",
    "https://deno.land/std@0.109.0/node/_fs/_fs_unlink.ts": "95cb6d81c647ac46826a86b9ebc8ebd8008fd99080dd36ddb62c5ddc54339c5f",
    "https://deno.land/std@0.109.0/node/_fs/_fs_utimes.ts": "5a87c6cb903f072a10a1917195e55f8673f4e1023964e16648e4146a778160e0",
    "https://deno.land/std@0.109.0/node/_fs/_fs_watch.ts": "7f7757775b6cdeb2e66bf5dbb5e1eb15e105fce4429eecd1026e1301e696babe",
    "https://deno.land/std@0.109.0/node/_fs/_fs_writeFile.ts": "6bf2646358e6e840353f1c1da184493121a1e57ab20e6ba6e8b1cf21574d4bf2",
    "https://deno.land/std@0.109.0/node/_util/_util_callbackify.ts": "947aa66d148c10e484c5c5e65ca4041cdd65085d7045fb26d388269a63c4d079",
    "https://deno.land/std@0.109.0/node/_util/_util_promisify.ts": "2ad6efe685f73443d5ed6ae009999789a8de4a0f01e6d2afdf242b4515477ee2",
    "https://deno.land/std@0.109.0/node/_util/_util_types.ts": "ae3d21e07c975f06590ab80bbde8173670d70ff40546267c0c1df869fc2ff00c",
    "https://deno.land/std@0.109.0/node/_utils.ts": "c32d3491e380488728d65ad471698ed0aadff7fe35bde0a26ba4dd8f434ed0e7",
    "https://deno.land/std@0.109.0/node/buffer.ts": "8128c5578810a937a1643c50b88a6b03e7c76d4239e3c9e5f49c1566e60ca626",
    "https://deno.land/std@0.109.0/node/events.ts": "f92ba300cb0a6efa4ff4d8a267a507ee725858d6a250a2eeb829ec99b21f90b1",
    "https://deno.land/std@0.109.0/node/fs.ts": "0f283d57d7d19b48845d80d9517c1a69c9b66cf29787ad1e182939e95c6a9c07",
    "https://deno.land/std@0.109.0/node/fs/promises.ts": "88258c223ef5774e8467e1b7707be8ebf490f62b024cb56cf2b4aae29a81a6dd",
    "https://deno.land/std@0.109.0/node/path.ts": "86b262d6957fba13d4f3d58a92ced49de4f40169d06542326b5547ff97257f0d",
    "https://deno.land/std@0.109.0/node/url.ts": "d2ea2b5d479c0a70404177840304dbe5bb77722c7bd2366ce7b6cd01ea1bef73",
    "https://deno.land/std@0.109.0/node/util.ts": "23878bd3ee67a52e67cfe5acb78c7ccce9c54735c6d280b069577605e8679935",
    "https://deno.land/std@0.109.0/path/_constants.ts": "1247fee4a79b70c89f23499691ef169b41b6ccf01887a0abd131009c5581b853",
    "https://deno.land/std@0.109.0/path/_interface.ts": "1fa73b02aaa24867e481a48492b44f2598cd9dfa513c7b34001437007d3642e4",
    "https://deno.land/std@0.109.0/path/_util.ts": "2e06a3b9e79beaf62687196bd4b60a4c391d862cfa007a20fc3a39f778ba073b",
    "https://deno.land/std@0.109.0/path/common.ts": "f41a38a0719a1e85aa11c6ba3bea5e37c15dd009d705bd8873f94c833568cbc4",
    "https://deno.land/std@0.109.0/path/glob.ts": "46708a3249cb5dc4a116cae3055114d6339bd5f0c1f412db6a4e0cb44c828a7d",
    "https://deno.land/std@0.109.0/path/mod.ts": "4465dc494f271b02569edbb4a18d727063b5dbd6ed84283ff906260970a15d12",
    "https://deno.land/std@0.109.0/path/posix.ts": "34349174b9cd121625a2810837a82dd8b986bbaaad5ade690d1de75bbb4555b2",
    "https://deno.land/std@0.109.0/path/separator.ts": "8fdcf289b1b76fd726a508f57d3370ca029ae6976fcde5044007f062e643ff1c",
    "https://deno.land/std@0.109.0/path/win32.ts": "2edb2f71f10578ee1168de01a8cbd3c65483e45a46bc2fa3156a0c6bfbd2720d",
    "https://deno.land/std@0.109.0/testing/_diff.ts": "ccd6c3af6e44c74bf1591acb1361995f5f50df64323a6e7fb3f16c8ea792c940",
    "https://deno.land/std@0.109.0/testing/asserts.ts": "6b0d6ba564bdff807bd0f0e93e02c48aa3177acf19416bf84a7f420191ef74cd",
    "https://deno.land/x/nanoid@v3.0.0/nanoid.ts": "8d119bc89a0f34e7bbe0c2dbdc280d01753e431af553d189663492310a31085d",
    "https://deno.land/x/nanoid@v3.0.0/random.ts": "4da71d5f72f2bfcc6a4ee79b5d4e72f48dcf4fe4c3835fd5ebab08b9f33cd598",
    "https://deno.land/x/nanoid@v3.0.0/urlAlphabet.ts": "8b1511deb1ecb23c66202b6000dc10fb68f9a96b5550c6c8cef5009324793431",
    "https://deno.land/x/postcss@8.4.16/lib/at-rule.js": "1ca2a26f0feb3889acfdb98477eb8d4fef4e5d141d0571312358376dc3c6ec2c",
    "https://deno.land/x/postcss@8.4.16/lib/comment.js": "349973bdfc8d0aae3da1256d54e7e1fb003dfecbe1c09a2a50c9701d1dcd665b",
    "https://deno.land/x/postcss@8.4.16/lib/container.js": "0e063ca4fa5bc493c4aa1be290ea4ee25503b98280c52480cc6b4379b8f1e709",
    "https://deno.land/x/postcss@8.4.16/lib/css-syntax-error.js": "5572fbde8f3300996e3a9847ffc1a4beb566671198fe65eb94e2f556b45f048f",
    "https://deno.land/x/postcss@8.4.16/lib/declaration.js": "d74d7f3cdff45ea71044d53f3cc3df57335ba3ccaf1c92957898244da7193387",
    "https://deno.land/x/postcss@8.4.16/lib/deps.js": "8e20b9a064f86d37f138f2646cddc9071614df4084531d66bf932605944921c3",
    "https://deno.land/x/postcss@8.4.16/lib/document.js": "040ba2a6320829bae7c901c4fa413a27b1344c9b19fd9c457692439660111664",
    "https://deno.land/x/postcss@8.4.16/lib/fromJSON.js": "8eca2aa3fc81439dde94bda790028fbdd8f02897704c06bd0b57ddc479a67eca",
    "https://deno.land/x/postcss@8.4.16/lib/input.js": "67f0dea431191138909dc9c44aaef539fa3019905dbcbaf918ec093bb566a325",
    "https://deno.land/x/postcss@8.4.16/lib/lazy-result.js": "8da20efbb934d01597e560700639bcffb15529ed427ae67956047b76607a3da6",
    "https://deno.land/x/postcss@8.4.16/lib/list.js": "7b0bfbc4872f293235809535a123fd2db2063f9b4ccc0c61bc5d1a9983bfc33d",
    "https://deno.land/x/postcss@8.4.16/lib/map-generator.js": "7659aeb45b60d0ecbf1d0961b402498ca18ea6f27b00afc04fdabcd3b8d4276f",
    "https://deno.land/x/postcss@8.4.16/lib/no-work-result.js": "cebf56f72cd1ba1368ad0cdc5032a2d1fffcfe7feade5379291752489fb10b5b",
    "https://deno.land/x/postcss@8.4.16/lib/node.js": "34068358ebc72ac973840044ffa1734475d27cb4e05ebcd2c159a3faef2fd689",
    "https://deno.land/x/postcss@8.4.16/lib/parse.js": "1b04216ca19b88b92e73b04432440f6095a563fee877baae952546a3d3c38651",
    "https://deno.land/x/postcss@8.4.16/lib/parser.js": "bba103c7cf98c5cb73c367a0d49e8e31eb47cb29c6935e4617b7a036f8712812",
    "https://deno.land/x/postcss@8.4.16/lib/postcss.js": "1f0caa2e7b80c52829181cbb913260782a2d729121f3ae17f0f5dff659fa508d",
    "https://deno.land/x/postcss@8.4.16/lib/previous-map.js": "e41d9eef67f82c48aa25179003c90ad8daa0928845fc916d86cdbe79906bc62f",
    "https://deno.land/x/postcss@8.4.16/lib/processor.js": "fa0bf6f764b2e933e18987300fb332b4e15c70a8fae97bbcc5b4e706e2997c93",
    "https://deno.land/x/postcss@8.4.16/lib/result.js": "53a68cf79a9b57a286358854a3e402493e5136104f9e8a075400ce0b62ab7be3",
    "https://deno.land/x/postcss@8.4.16/lib/root.js": "cf1f18916c94fd446f40643d4ef62102e0b9e1ee20716d027645068f7264220a",
    "https://deno.land/x/postcss@8.4.16/lib/rule.js": "b8415d2af6a7ed90032d7b64be71194ce45e37e84214f4b327e7aebd80a055f5",
    "https://deno.land/x/postcss@8.4.16/lib/source_map.ts": "c645fef79e9ecec8127f679794d6377199245a5000196899db7414f2ba16702e",
    "https://deno.land/x/postcss@8.4.16/lib/stringifier.js": "b641619d5d3cd05218c84c630a6866dae346a461499772598b90890a5239f15e",
    "https://deno.land/x/postcss@8.4.16/lib/stringify.js": "704ca56e8b5982885c62c0299b95c56476d84d4099e9236a61f851ce742a689f",
    "https://deno.land/x/postcss@8.4.16/lib/symbols.js": "97c177b55f6b88f6cabc0c2442e3f2a816b8e6b68d851789a53e1218f1a3cf10",
    "https://deno.land/x/postcss@8.4.16/lib/terminal-highlight.js": "fd42d88fd9ba79f758deb48901d0498676dfd95fe869e40a963773518a837783",
    "https://deno.land/x/postcss@8.4.16/lib/tokenize.js": "1594cee92e1741341c49a00d17577d3d63ec87acfef9214562c151388fcd4c8d",
    "https://deno.land/x/postcss@8.4.16/lib/warn-once.js": "9218bd5ac65a1cec4baace385830555d8a7bfaba20dcae6da0f0d75f81ac89c1",
    "https://deno.land/x/postcss@8.4.16/lib/warning.js": "a51223bf1cf2da3126dbc5c93d74a6b32844495d0da9d92c1fc38863aec2cb3d",
    "https://deno.land/x/postcss@8.4.16/mod.js": "131f9d70e2327d445cecb4b51d702857e515d2f34eb957c7eefe7542452d678f",
    "https://deno.land/x/source_map@0.6.2/lib/array-set.js": "7283ef86b0f3bf004fa8e013a94dfea0aec9108d492643d81ff9a70d1719c468",
    "https://deno.land/x/source_map@0.6.2/lib/base64-vlq.js": "63b317643095f62f8998d75dec66560a485a505eb3a9a3bfd5d0f53506844303",
    "https://deno.land/x/source_map@0.6.2/lib/base64.js": "58a37dc884c78cffff2173021b942a9d9b031a7f7c212b550a0c8b02915f840d",
    "https://deno.land/x/source_map@0.6.2/lib/binary-search.js": "3094b75caaca7ad0459edd2a77c4a3670d7d468ea5cd53b8cb8277be882cd441",
    "https://deno.land/x/source_map@0.6.2/lib/mapping-list.js": "ceaee80be9edcff40ccceb7ca742427aada2ad89897e43f0d02fa570e23aa56a",
    "https://deno.land/x/source_map@0.6.2/lib/quick-sort.js": "7086dd17429f5afa6a4474219f21bc900489da8f5981d250377e6b1278878bac",
    "https://deno.land/x/source_map@0.6.2/lib/source-map-consumer.js": "2a2061d996d12089c75c985dd7d797c4b9488c08858c858d849910182214726b",
    "https://deno.land/x/source_map@0.6.2/lib/source-map-generator.js": "353d1e61ef46f93945caf202e90f6b11a31de41be4cebf0aaed11a8ce8dd1f32",
    "https://deno.land/x/source_map@0.6.2/lib/source-node.js": "e3fa5e9fb604b770ad803a04a79a03b917356dcfb4de671e6b9466276608edca",
    "https://deno.land/x/source_map@0.6.2/lib/util.js": "8095afcc2f330d40637849308441c5d64c45b24aa8dc985a148b665099b3004e",
    "https://deno.land/x/source_map@0.6.2/mod.js": "5fb2a8af1c6ab0f17ab4033db8b412402d28d661344747beba19387addab2b32"
  },
  "workspace": {
    "dependencies": [
      "jsr:@mage/app@~0.2.3",
      "jsr:@mage/preact@0.1",
      "jsr:@preact-icons/fa@^1.0.12",
      "jsr:@std/path@^1.0.8",
      "npm:@tailwindcss/cli@^4.0.3",
      "npm:@tailwindcss/postcss@^4.0.6",
      "npm:postcss@^8.5.2",
      "npm:preact@10.22.1",
      "npm:tailwindcss@^4.0.3"
    ]
  }
}
