{
  "version": "4",
  "specifiers": {
    "jsr:@mage/server@~0.14.1": "0.14.1",
    "jsr:@preact-icons/common@^1.0.12": "1.0.12",
    "jsr:@preact-icons/fa@^1.0.12": "1.0.12",
    "jsr:@standard-schema/spec@1": "1.0.0",
    "jsr:@std/cache@~0.1.3": "0.1.3",
    "jsr:@std/cli@^1.0.12": "1.0.12",
    "jsr:@std/encoding@^1.0.7": "1.0.7",
    "jsr:@std/fmt@^1.0.5": "1.0.5",
    "jsr:@std/fs@^1.0.11": "1.0.11",
    "jsr:@std/html@^1.0.3": "1.0.3",
    "jsr:@std/http@^1.0.13": "1.0.13",
    "jsr:@std/media-types@^1.1.0": "1.1.0",
    "jsr:@std/net@^1.0.4": "1.0.4",
    "jsr:@std/path@*": "1.0.8",
    "jsr:@std/path@^1.0.8": "1.0.8",
    "jsr:@std/streams@^1.0.9": "1.0.9",
    "npm:@tailwindcss/cli@^4.0.3": "4.0.3",
    "npm:preact-render-to-string@^6.5.13": "6.5.13_preact@10.22.1",
    "npm:preact@10.22.1": "10.22.1",
    "npm:preact@10.25.4": "10.25.4",
    "npm:preact@^10.22.1": "10.22.1",
    "npm:preact@^10.25.4": "10.25.4",
    "npm:tailwindcss@^4.0.3": "4.0.3"
  },
  "jsr": {
    "@mage/server@0.14.1": {
      "integrity": "bf5008f79f590e1466d7a183d2ffe101be5de969613fdccaa1a63d233dfd088b",
      "dependencies": [
        "jsr:@standard-schema/spec",
        "jsr:@std/cache",
        "jsr:@std/fs",
        "jsr:@std/http",
        "jsr:@std/path@^1.0.8",
        "npm:preact-render-to-string",
        "npm:preact@^10.25.4"
      ]
    },
    "@preact-icons/common@1.0.12": {
      "integrity": "f7d7329d55c2753b0162438b120b638e5058fa406f49fe6b422e3b0694f6e0c1",
      "dependencies": [
        "npm:preact@10.22.1",
        "npm:preact@10.25.4",
        "npm:preact@^10.22.1"
      ]
    },
    "@preact-icons/fa@1.0.12": {
      "integrity": "c294438032825a5be3009fde2633b57fea2db08ae69ea826cce72e81a43373f1",
      "dependencies": [
        "jsr:@preact-icons/common",
        "npm:preact@10.22.1"
      ]
    },
    "@standard-schema/spec@1.0.0": {
      "integrity": "4f20bbcf34e92b92f8c01589b958abc7c87385fa9a96170cecdc643d4d5737c0"
    },
    "@std/cache@0.1.3": {
      "integrity": "8d3ab61d994d0915295048999f34a8ce2280f0e4d1f4cccb08c9e3d297c0c6ec"
    },
    "@std/cli@1.0.12": {
      "integrity": "e5cfb7814d189da174ecd7a34fbbd63f3513e24a1b307feb2fcd5da47a070d90"
    },
    "@std/encoding@1.0.7": {
      "integrity": "f631247c1698fef289f2de9e2a33d571e46133b38d042905e3eac3715030a82d"
    },
    "@std/fmt@1.0.5": {
      "integrity": "0cfab43364bc36650d83c425cd6d99910fc20c4576631149f0f987eddede1a4d"
    },
    "@std/fs@1.0.11": {
      "integrity": "ba674672693340c5ebdd018b4fe1af46cb08741f42b4c538154e97d217b55bdd",
      "dependencies": [
        "jsr:@std/path@^1.0.8"
      ]
    },
    "@std/html@1.0.3": {
      "integrity": "7a0ac35e050431fb49d44e61c8b8aac1ebd55937e0dc9ec6409aa4bab39a7988"
    },
    "@std/http@1.0.13": {
      "integrity": "d29618b982f7ae44380111f7e5b43da59b15db64101198bb5f77100d44eb1e1e",
      "dependencies": [
        "jsr:@std/cli",
        "jsr:@std/encoding",
        "jsr:@std/fmt",
        "jsr:@std/html",
        "jsr:@std/media-types",
        "jsr:@std/net",
        "jsr:@std/path@^1.0.8",
        "jsr:@std/streams"
      ]
    },
    "@std/media-types@1.1.0": {
      "integrity": "c9d093f0c05c3512932b330e3cc1fe1d627b301db33a4c2c2185c02471d6eaa4"
    },
    "@std/net@1.0.4": {
      "integrity": "2f403b455ebbccf83d8a027d29c5a9e3a2452fea39bb2da7f2c04af09c8bc852"
    },
    "@std/path@1.0.8": {
      "integrity": "548fa456bb6a04d3c1a1e7477986b6cffbce95102d0bb447c67c4ee70e0364be"
    },
    "@std/streams@1.0.9": {
      "integrity": "a9d26b1988cdd7aa7b1f4b51e1c36c1557f3f252880fa6cc5b9f37078b1a5035"
    }
  },
  "npm": {
    "@parcel/watcher-android-arm64@2.5.1": {
      "integrity": "sha512-KF8+j9nNbUN8vzOFDpRMsaKBHZ/mcjEjMToVMJOhTozkDonQFFrRcfdLWn6yWKCmJKmdVxSgHiYvTCef4/qcBA=="
    },
    "@parcel/watcher-darwin-arm64@2.5.1": {
      "integrity": "sha512-eAzPv5osDmZyBhou8PoF4i6RQXAfeKL9tjb3QzYuccXFMQU0ruIc/POh30ePnaOyD1UXdlKguHBmsTs53tVoPw=="
    },
    "@parcel/watcher-darwin-x64@2.5.1": {
      "integrity": "sha512-1ZXDthrnNmwv10A0/3AJNZ9JGlzrF82i3gNQcWOzd7nJ8aj+ILyW1MTxVk35Db0u91oD5Nlk9MBiujMlwmeXZg=="
    },
    "@parcel/watcher-freebsd-x64@2.5.1": {
      "integrity": "sha512-SI4eljM7Flp9yPuKi8W0ird8TI/JK6CSxju3NojVI6BjHsTyK7zxA9urjVjEKJ5MBYC+bLmMcbAWlZ+rFkLpJQ=="
    },
    "@parcel/watcher-linux-arm-glibc@2.5.1": {
      "integrity": "sha512-RCdZlEyTs8geyBkkcnPWvtXLY44BCeZKmGYRtSgtwwnHR4dxfHRG3gR99XdMEdQ7KeiDdasJwwvNSF5jKtDwdA=="
    },
    "@parcel/watcher-linux-arm-musl@2.5.1": {
      "integrity": "sha512-6E+m/Mm1t1yhB8X412stiKFG3XykmgdIOqhjWj+VL8oHkKABfu/gjFj8DvLrYVHSBNC+/u5PeNrujiSQ1zwd1Q=="
    },
    "@parcel/watcher-linux-arm64-glibc@2.5.1": {
      "integrity": "sha512-LrGp+f02yU3BN9A+DGuY3v3bmnFUggAITBGriZHUREfNEzZh/GO06FF5u2kx8x+GBEUYfyTGamol4j3m9ANe8w=="
    },
    "@parcel/watcher-linux-arm64-musl@2.5.1": {
      "integrity": "sha512-cFOjABi92pMYRXS7AcQv9/M1YuKRw8SZniCDw0ssQb/noPkRzA+HBDkwmyOJYp5wXcsTrhxO0zq1U11cK9jsFg=="
    },
    "@parcel/watcher-linux-x64-glibc@2.5.1": {
      "integrity": "sha512-GcESn8NZySmfwlTsIur+49yDqSny2IhPeZfXunQi48DMugKeZ7uy1FX83pO0X22sHntJ4Ub+9k34XQCX+oHt2A=="
    },
    "@parcel/watcher-linux-x64-musl@2.5.1": {
      "integrity": "sha512-n0E2EQbatQ3bXhcH2D1XIAANAcTZkQICBPVaxMeaCVBtOpBZpWJuf7LwyWPSBDITb7In8mqQgJ7gH8CILCURXg=="
    },
    "@parcel/watcher-win32-arm64@2.5.1": {
      "integrity": "sha512-RFzklRvmc3PkjKjry3hLF9wD7ppR4AKcWNzH7kXR7GUe0Igb3Nz8fyPwtZCSquGrhU5HhUNDr/mKBqj7tqA2Vw=="
    },
    "@parcel/watcher-win32-ia32@2.5.1": {
      "integrity": "sha512-c2KkcVN+NJmuA7CGlaGD1qJh1cLfDnQsHjE89E60vUEMlqduHGCdCLJCID5geFVM0dOtA3ZiIO8BoEQmzQVfpQ=="
    },
    "@parcel/watcher-win32-x64@2.5.1": {
      "integrity": "sha512-9lHBdJITeNR++EvSQVUcaZoWupyHfXe1jZvGZ06O/5MflPcuPLtEphScIBL+AiCWBO46tDSHzWyD0uDmmZqsgA=="
    },
    "@parcel/watcher@2.5.1": {
      "integrity": "sha512-dfUnCxiN9H4ap84DvD2ubjw+3vUNpstxa0TneY/Paat8a3R4uQZDLSvWjmznAY/DoahqTHl9V46HF/Zs3F29pg==",
      "dependencies": [
        "@parcel/watcher-android-arm64",
        "@parcel/watcher-darwin-arm64",
        "@parcel/watcher-darwin-x64",
        "@parcel/watcher-freebsd-x64",
        "@parcel/watcher-linux-arm-glibc",
        "@parcel/watcher-linux-arm-musl",
        "@parcel/watcher-linux-arm64-glibc",
        "@parcel/watcher-linux-arm64-musl",
        "@parcel/watcher-linux-x64-glibc",
        "@parcel/watcher-linux-x64-musl",
        "@parcel/watcher-win32-arm64",
        "@parcel/watcher-win32-ia32",
        "@parcel/watcher-win32-x64",
        "detect-libc",
        "is-glob",
        "micromatch",
        "node-addon-api"
      ]
    },
    "@tailwindcss/cli@4.0.3": {
      "integrity": "sha512-EPmuqS5e1yax6Qe1vRoWFbCCttMS/Thc+yFGSE/nzYe/BdYDlUc+OoE7D5DawAz4sI5H8v8Zx/mYyEdy+saB0w==",
      "dependencies": [
        "@parcel/watcher",
        "@tailwindcss/node",
        "@tailwindcss/oxide",
        "enhanced-resolve",
        "lightningcss",
        "mri",
        "picocolors",
        "tailwindcss"
      ]
    },
    "@tailwindcss/node@4.0.3": {
      "integrity": "sha512-QsVJokOl0pJ4AbJV33D2npvLcHGPWi5MOSZtrtE0GT3tSx+3D0JE2lokLA8yHS1x3oCY/3IyRyy7XX6tmzid7A==",
      "dependencies": [
        "enhanced-resolve",
        "jiti",
        "tailwindcss"
      ]
    },
    "@tailwindcss/oxide-android-arm64@4.0.3": {
      "integrity": "sha512-S8XOTQuMnpijZRlPm5HBzPJjZ28quB+40LSRHjRnQF6rRYKsvpr1qkY7dfwsetNdd+kMLOMDsvmuT8WnqqETvg=="
    },
    "@tailwindcss/oxide-darwin-arm64@4.0.3": {
      "integrity": "sha512-smrY2DpzhXvgDhZtQlYAl8+vxJ04lv2/64C1eiRxvsRT2nkw/q+zA1/eAYKvUHat6cIuwqDku3QucmrUT6pCeg=="
    },
    "@tailwindcss/oxide-darwin-x64@4.0.3": {
      "integrity": "sha512-NTz8x/LcGUjpZAWUxz0ZuzHao90Wj9spoQgomwB+/hgceh5gcJDfvaBYqxLFpKzVglpnbDSq1Fg0p0zI4oa5Pg=="
    },
    "@tailwindcss/oxide-freebsd-x64@4.0.3": {
      "integrity": "sha512-yQc9Q0JCOp3kkAV8gKgDctXO60IkQhHpqGB+KgOccDtD5UmN6Q5+gd+lcsDyQ7N8dRuK1fAud51xQpZJgKfm7g=="
    },
    "@tailwindcss/oxide-linux-arm-gnueabihf@4.0.3": {
      "integrity": "sha512-e1ivVMLSnxTOU1O3npnxN16FEyWM/g3SuH2pP6udxXwa0/SnSAijRwcAYRpqIlhVKujr158S8UeHxQjC4fGl4w=="
    },
    "@tailwindcss/oxide-linux-arm64-gnu@4.0.3": {
      "integrity": "sha512-PLrToqQqX6sdJ9DmMi8IxZWWrfjc9pdi9AEEPTrtMts3Jm9HBi1WqEeF1VwZZ2aW9TXloE5OwA35zuuq1Bhb/Q=="
    },
    "@tailwindcss/oxide-linux-arm64-musl@4.0.3": {
      "integrity": "sha512-YlzRxx7N1ampfgSKzEDw0iwDkJXUInR4cgNEqmR4TzHkU2Vhg59CGPJrTI7dxOBofD8+O35R13Nk9Ytyv0JUFg=="
    },
    "@tailwindcss/oxide-linux-x64-gnu@4.0.3": {
      "integrity": "sha512-Xfc3z/li6XkuD7Hs+Uk6pjyCXnfnd9zuQTKOyDTZJ544xc2yoMKUkuDw6Et9wb31MzU2/c0CIUpTDa71lL9KHw=="
    },
    "@tailwindcss/oxide-linux-x64-musl@4.0.3": {
      "integrity": "sha512-ugKVqKzwa/cjmqSQG17aS9DYrEcQ/a5NITcgmOr3JLW4Iz64C37eoDlkC8tIepD3S/Td/ywKAolTQ8fKbjEL4g=="
    },
    "@tailwindcss/oxide-win32-arm64-msvc@4.0.3": {
      "integrity": "sha512-qHPDMl+UUwsk1RMJMgAXvhraWqUUT+LR/tkXix5RA39UGxtTrHwsLIN1AhNxI5i2RFXAXfmFXDqZCdyQ4dWmAQ=="
    },
    "@tailwindcss/oxide-win32-x64-msvc@4.0.3": {
      "integrity": "sha512-+ujwN4phBGyOsPyLgGgeCyUm4Mul+gqWVCIGuSXWgrx9xVUnf6LVXrw0BDBc9Aq1S2qMyOTX4OkCGbZeoIo8Qw=="
    },
    "@tailwindcss/oxide@4.0.3": {
      "integrity": "sha512-FFcp3VNvRjjmFA39ORM27g2mbflMQljhvM7gxBAujHxUy4LXlKa6yMF9wbHdTbPqTONiCyyOYxccvJyVyI/XBg==",
      "dependencies": [
        "@tailwindcss/oxide-android-arm64",
        "@tailwindcss/oxide-darwin-arm64",
        "@tailwindcss/oxide-darwin-x64",
        "@tailwindcss/oxide-freebsd-x64",
        "@tailwindcss/oxide-linux-arm-gnueabihf",
        "@tailwindcss/oxide-linux-arm64-gnu",
        "@tailwindcss/oxide-linux-arm64-musl",
        "@tailwindcss/oxide-linux-x64-gnu",
        "@tailwindcss/oxide-linux-x64-musl",
        "@tailwindcss/oxide-win32-arm64-msvc",
        "@tailwindcss/oxide-win32-x64-msvc"
      ]
    },
    "braces@3.0.3": {
      "integrity": "sha512-yQbXgO/OSZVD2IsiLlro+7Hf6Q18EJrKSEsdoMzKePKXct3gvD8oLcOQdIzGupr5Fj+EDe8gO/lxc1BzfMpxvA==",
      "dependencies": [
        "fill-range"
      ]
    },
    "detect-libc@1.0.3": {
      "integrity": "sha512-pGjwhsmsp4kL2RTz08wcOlGN83otlqHeD/Z5T8GXZB+/YcpQ/dgo+lbU8ZsGxV0HIvqqxo9l7mqYwyYMD9bKDg=="
    },
    "enhanced-resolve@5.18.1": {
      "integrity": "sha512-ZSW3ma5GkcQBIpwZTSRAI8N71Uuwgs93IezB7mf7R60tC8ZbJideoDNKjHn2O9KIlx6rkGTTEk1xUCK2E1Y2Yg==",
      "dependencies": [
        "graceful-fs",
        "tapable"
      ]
    },
    "fill-range@7.1.1": {
      "integrity": "sha512-YsGpe3WHLK8ZYi4tWDg2Jy3ebRz2rXowDxnld4bkQB00cc/1Zw9AWnC0i9ztDJitivtQvaI9KaLyKrc+hBW0yg==",
      "dependencies": [
        "to-regex-range"
      ]
    },
    "graceful-fs@4.2.11": {
      "integrity": "sha512-RbJ5/jmFcNNCcDV5o9eTnBLJ/HszWV0P73bc+Ff4nS/rJj+YaS6IGyiOL0VoBYX+l1Wrl3k63h/KrH+nhJ0XvQ=="
    },
    "is-extglob@2.1.1": {
      "integrity": "sha512-SbKbANkN603Vi4jEZv49LeVJMn4yGwsbzZworEoyEiutsN3nJYdbO36zfhGJ6QEDpOZIFkDtnq5JRxmvl3jsoQ=="
    },
    "is-glob@4.0.3": {
      "integrity": "sha512-xelSayHH36ZgE7ZWhli7pW34hNbNl8Ojv5KVmkJD4hBdD3th8Tfk9vYasLM+mXWOZhFkgZfxhLSnrwRr4elSSg==",
      "dependencies": [
        "is-extglob"
      ]
    },
    "is-number@7.0.0": {
      "integrity": "sha512-41Cifkg6e8TylSpdtTpeLVMqvSBEVzTttHvERD741+pnZ8ANv0004MRL43QKPDlK9cGvNp6NZWZUBlbGXYxxng=="
    },
    "jiti@2.4.2": {
      "integrity": "sha512-rg9zJN+G4n2nfJl5MW3BMygZX56zKPNVEYYqq7adpmMh4Jn2QNEwhvQlFy6jPVdcod7txZtKHWnyZiA3a0zP7A=="
    },
    "lightningcss-darwin-arm64@1.29.1": {
      "integrity": "sha512-HtR5XJ5A0lvCqYAoSv2QdZZyoHNttBpa5EP9aNuzBQeKGfbyH5+UipLWvVzpP4Uml5ej4BYs5I9Lco9u1fECqw=="
    },
    "lightningcss-darwin-x64@1.29.1": {
      "integrity": "sha512-k33G9IzKUpHy/J/3+9MCO4e+PzaFblsgBjSGlpAaFikeBFm8B/CkO3cKU9oI4g+fjS2KlkLM/Bza9K/aw8wsNA=="
    },
    "lightningcss-freebsd-x64@1.29.1": {
      "integrity": "sha512-0SUW22fv/8kln2LnIdOCmSuXnxgxVC276W5KLTwoehiO0hxkacBxjHOL5EtHD8BAXg2BvuhsJPmVMasvby3LiQ=="
    },
    "lightningcss-linux-arm-gnueabihf@1.29.1": {
      "integrity": "sha512-sD32pFvlR0kDlqsOZmYqH/68SqUMPNj+0pucGxToXZi4XZgZmqeX/NkxNKCPsswAXU3UeYgDSpGhu05eAufjDg=="
    },
    "lightningcss-linux-arm64-gnu@1.29.1": {
      "integrity": "sha512-0+vClRIZ6mmJl/dxGuRsE197o1HDEeeRk6nzycSy2GofC2JsY4ifCRnvUWf/CUBQmlrvMzt6SMQNMSEu22csWQ=="
    },
    "lightningcss-linux-arm64-musl@1.29.1": {
      "integrity": "sha512-UKMFrG4rL/uHNgelBsDwJcBqVpzNJbzsKkbI3Ja5fg00sgQnHw/VrzUTEc4jhZ+AN2BvQYz/tkHu4vt1kLuJyw=="
    },
    "lightningcss-linux-x64-gnu@1.29.1": {
      "integrity": "sha512-u1S+xdODy/eEtjADqirA774y3jLcm8RPtYztwReEXoZKdzgsHYPl0s5V52Tst+GKzqjebkULT86XMSxejzfISw=="
    },
    "lightningcss-linux-x64-musl@1.29.1": {
      "integrity": "sha512-L0Tx0DtaNUTzXv0lbGCLB/c/qEADanHbu4QdcNOXLIe1i8i22rZRpbT3gpWYsCh9aSL9zFujY/WmEXIatWvXbw=="
    },
    "lightningcss-win32-arm64-msvc@1.29.1": {
      "integrity": "sha512-QoOVnkIEFfbW4xPi+dpdft/zAKmgLgsRHfJalEPYuJDOWf7cLQzYg0DEh8/sn737FaeMJxHZRc1oBreiwZCjog=="
    },
    "lightningcss-win32-x64-msvc@1.29.1": {
      "integrity": "sha512-NygcbThNBe4JElP+olyTI/doBNGJvLs3bFCRPdvuCcxZCcCZ71B858IHpdm7L1btZex0FvCmM17FK98Y9MRy1Q=="
    },
    "lightningcss@1.29.1": {
      "integrity": "sha512-FmGoeD4S05ewj+AkhTY+D+myDvXI6eL27FjHIjoyUkO/uw7WZD1fBVs0QxeYWa7E17CUHJaYX/RUGISCtcrG4Q==",
      "dependencies": [
        "detect-libc",
        "lightningcss-darwin-arm64",
        "lightningcss-darwin-x64",
        "lightningcss-freebsd-x64",
        "lightningcss-linux-arm-gnueabihf",
        "lightningcss-linux-arm64-gnu",
        "lightningcss-linux-arm64-musl",
        "lightningcss-linux-x64-gnu",
        "lightningcss-linux-x64-musl",
        "lightningcss-win32-arm64-msvc",
        "lightningcss-win32-x64-msvc"
      ]
    },
    "micromatch@4.0.8": {
      "integrity": "sha512-PXwfBhYu0hBCPw8Dn0E+WDYb7af3dSLVWKi3HGv84IdF4TyFoC0ysxFd0Goxw7nSv4T/PzEJQxsYsEiFCKo2BA==",
      "dependencies": [
        "braces",
        "picomatch"
      ]
    },
    "mri@1.2.0": {
      "integrity": "sha512-tzzskb3bG8LvYGFF/mDTpq3jpI6Q9wc3LEmBaghu+DdCssd1FakN7Bc0hVNmEyGq1bq3RgfkCb3cmQLpNPOroA=="
    },
    "node-addon-api@7.1.1": {
      "integrity": "sha512-5m3bsyrjFWE1xf7nz7YXdN4udnVtXK6/Yfgn5qnahL6bCkf2yKt4k3nuTKAtT4r3IG8JNR2ncsIMdZuAzJjHQQ=="
    },
    "picocolors@1.1.1": {
      "integrity": "sha512-xceH2snhtb5M9liqDsmEw56le376mTZkEX/jEb/RxNFyegNul7eNslCXP9FDj/Lcu0X8KEyMceP2ntpaHrDEVA=="
    },
    "picomatch@2.3.1": {
      "integrity": "sha512-JU3teHTNjmE2VCGFzuY8EXzCDVwEqB2a8fsIvwaStHhAWJEeVd1o1QD80CU6+ZdEXXSLbSsuLwJjkCBWqRQUVA=="
    },
    "preact-render-to-string@6.5.13_preact@10.22.1": {
      "integrity": "sha512-iGPd+hKPMFKsfpR2vL4kJ6ZPcFIoWZEcBf0Dpm3zOpdVvj77aY8RlLiQji5OMrngEyaxGogeakTb54uS2FvA6w==",
      "dependencies": [
        "preact@10.22.1"
      ]
    },
    "preact@10.22.1": {
      "integrity": "sha512-jRYbDDgMpIb5LHq3hkI0bbl+l/TQ9UnkdQ0ww+lp+4MMOdqaUYdFc5qeyP+IV8FAd/2Em7drVPeKdQxsiWCf/A=="
    },
    "preact@10.25.4": {
      "integrity": "sha512-jLdZDb+Q+odkHJ+MpW/9U5cODzqnB+fy2EiHSZES7ldV5LK7yjlVzTp7R8Xy6W6y75kfK8iWYtFVH7lvjwrCMA=="
    },
    "tailwindcss@4.0.3": {
      "integrity": "sha512-ImmZF0Lon5RrQpsEAKGxRvHwCvMgSC4XVlFRqmbzTEDb/3wvin9zfEZrMwgsa3yqBbPqahYcVI6lulM2S7IZAA=="
    },
    "tapable@2.2.1": {
      "integrity": "sha512-GNzQvQTOIP6RyTfE2Qxb8ZVlNmw0n88vp1szwWRimP02mnTsx3Wtn5qRdqY9w2XduFNUgvOwhNnQsjwCp+kqaQ=="
    },
    "to-regex-range@5.0.1": {
      "integrity": "sha512-65P7iz6X5yEr1cwcgvQxbbIw7Uk3gOy5dIdtZ4rDveLqhrdJP+Li/Hx6tyK0NEb+2GCyneCMJiGqrADCSNk8sQ==",
      "dependencies": [
        "is-number"
      ]
    }
  },
  "workspace": {
    "dependencies": [
      "jsr:@mage/server@~0.14.1",
      "jsr:@preact-icons/fa@^1.0.12",
      "jsr:@std/path@^1.0.8",
      "npm:@tailwindcss/cli@^4.0.3",
      "npm:preact-render-to-string@^6.5.13",
      "npm:preact@10.22.1",
      "npm:tailwindcss@^4.0.3"
    ]
  }
}
